
Microsoft Visual Studio Solution File, Format Version 12.00
# Visual Studio 15
VisualStudioVersion = 15.0.26228.12
MinimumVisualStudioVersion = 10.0.40219.1
Project("{FAE04EC0-301F-11D3-BF4B-00C04F79EFBC}") = "Client", "Client\Client.csproj", "{4E9C5C4D-01E1-4CA6-8D7A-51CBFAD6B858}"
EndProject
Project("{FAE04EC0-301F-11D3-BF4B-00C04F79EFBC}") = "Data", "Data\Data.csproj", "{6ABD7CDE-15E5-491A-897E-EE50D468D0AE}"
EndProject
Global
	GlobalSection(SolutionConfigurationPlatforms) = preSolution
		Debug|Any CPU = Debug|Any CPU
		Release|Any CPU = Release|Any CPU
	EndGlobalSection
	GlobalSection(ProjectConfigurationPlatforms) = postSolution
		{4E9C5C4D-01E1-4CA6-8D7A-51CBFAD6B858}.Debug|Any CPU.ActiveCfg = Debug|Any CPU
		{4E9C5C4D-01E1-4CA6-8D7A-51CBFAD6B858}.Debug|Any CPU.Build.0 = Debug|Any CPU
		{4E9C5C4D-01E1-4CA6-8D7A-51CBFAD6B858}.Release|Any CPU.ActiveCfg = Release|Any CPU
		{4E9C5C4D-01E1-4CA6-8D7A-51CBFAD6B858}.Release|Any CPU.Build.0 = Release|Any CPU
		{6ABD7CDE-15E5-491A-897E-EE50D468D0AE}.Debug|Any CPU.ActiveCfg = Debug|Any CPU
		{6ABD7CDE-15E5-491A-897E-EE50D468D0AE}.Debug|Any CPU.Build.0 = Debug|Any CPU
		{6ABD7CDE-15E5-491A-897E-EE50D468D0AE}.Release|Any CPU.ActiveCfg = Release|Any CPU
		{6ABD7CDE-15E5-491A-897E-EE50D468D0AE}.Release|Any CPU.Build.0 = Release|Any CPU
	EndGlobalSection
	GlobalSection(SolutionProperties) = preSolution
		HideSolutionNode = FALSE
	EndGlobalSection
EndGlobal
